
Microsoft Visual Studio Solution File, Format Version 12.00
# Visual Studio Version 17
VisualStudioVersion = 17.8.34330.188
MinimumVisualStudioVersion = 10.0.40219.1
Project("{9A19103F-16F7-4668-BE54-9A1E7A4F7556}") = "CoreCodeFirst", "CoreCodeFirst\CoreCodeFirst.csproj", "{ABB0DF61-7DEA-4E66-8CF8-0BEA60D2F5F8}"
EndProject
Project("{9A19103F-16F7-4668-BE54-9A1E7A4F7556}") = "DBFirst", "DBFirst\DBFirst.csproj", "{5986B922-62B5-4FE7-8218-58E368145DF4}"
EndProject
Project("{9A19103F-16F7-4668-BE54-9A1E7A4F7556}") = "CCF_Mssql", "CCF_Mssql\CCF_Mssql.csproj", "{6203AC4D-F9CC-47FF-97A0-97B324F12868}"
EndProject
Project("{9A19103F-16F7-4668-BE54-9A1E7A4F7556}") = "CCF_Sqlite", "CCF_Sqlite\CCF_Sqlite.csproj", "{539337D6-5D45-40FB-B263-5711B90BB5B4}"
EndProject
Project("{9A19103F-16F7-4668-BE54-9A1E7A4F7556}") = "DynamicOrderBy", "DynamicOrderBy\DynamicOrderBy.csproj", "{29409569-10A7-4D3A-B66F-D9F5D4A2FCBE}"
EndProject
Project("{9A19103F-16F7-4668-BE54-9A1E7A4F7556}") = "EfAnalyze", "EfAnalyze\EfAnalyze.csproj", "{5B96244D-9B8F-4BE2-8227-1D1B746F5E77}"
EndProject
Project("{9A19103F-16F7-4668-BE54-9A1E7A4F7556}") = "ListField", "ListField\ListField.csproj", "{08E6FA97-8AA8-4C1A-8E1D-4B65C6445C12}"
EndProject
Project("{9A19103F-16F7-4668-BE54-9A1E7A4F7556}") = "ForeignKeyTest", "ForeignKeyTest\ForeignKeyTest.csproj", "{9579315A-B69B-4332-9687-7ECACA8DC681}"
EndProject
Project("{9A19103F-16F7-4668-BE54-9A1E7A4F7556}") = "MultiMigrations", "MultiMigrations\MultiMigrations.csproj", "{E7BF40D6-DC62-4E35-B1B2-99209B7EAAAB}"
EndProject
Project("{9A19103F-16F7-4668-BE54-9A1E7A4F7556}") = "MultiMigrations_Test", "MultiMigrations_Test\MultiMigrations_Test.csproj", "{CF6F302B-FA59-45C8-A139-B51CECBD0C6F}"
EndProject
Project("{9A19103F-16F7-4668-BE54-9A1E7A4F7556}") = "MultiMigrationsSample", "MultiMigrationsSample\MultiMigrationsSample.csproj", "{02CF7CDB-3774-48B9-B1E3-D4D08019F180}"
EndProject
Project("{FAE04EC0-301F-11D3-BF4B-00C04F79EFBC}") = "MultiMigrations_Test_Aspnet", "MultiMigrations_Test_Aspnet\MultiMigrations_Test_Aspnet.csproj", "{1B4CC013-AF60-4AEC-AD16-3841A7104F4D}"
EndProject
Global
	GlobalSection(SolutionConfigurationPlatforms) = preSolution
		Debug|Any CPU = Debug|Any CPU
		Release|Any CPU = Release|Any CPU
	EndGlobalSection
	GlobalSection(ProjectConfigurationPlatforms) = postSolution
		{ABB0DF61-7DEA-4E66-8CF8-0BEA60D2F5F8}.Debug|Any CPU.ActiveCfg = Debug|Any CPU
		{ABB0DF61-7DEA-4E66-8CF8-0BEA60D2F5F8}.Debug|Any CPU.Build.0 = Debug|Any CPU
		{ABB0DF61-7DEA-4E66-8CF8-0BEA60D2F5F8}.Release|Any CPU.ActiveCfg = Release|Any CPU
		{ABB0DF61-7DEA-4E66-8CF8-0BEA60D2F5F8}.Release|Any CPU.Build.0 = Release|Any CPU
		{5986B922-62B5-4FE7-8218-58E368145DF4}.Debug|Any CPU.ActiveCfg = Debug|Any CPU
		{5986B922-62B5-4FE7-8218-58E368145DF4}.Debug|Any CPU.Build.0 = Debug|Any CPU
		{5986B922-62B5-4FE7-8218-58E368145DF4}.Release|Any CPU.ActiveCfg = Release|Any CPU
		{5986B922-62B5-4FE7-8218-58E368145DF4}.Release|Any CPU.Build.0 = Release|Any CPU
		{6203AC4D-F9CC-47FF-97A0-97B324F12868}.Debug|Any CPU.ActiveCfg = Debug|Any CPU
		{6203AC4D-F9CC-47FF-97A0-97B324F12868}.Debug|Any CPU.Build.0 = Debug|Any CPU
		{6203AC4D-F9CC-47FF-97A0-97B324F12868}.Release|Any CPU.ActiveCfg = Release|Any CPU
		{6203AC4D-F9CC-47FF-97A0-97B324F12868}.Release|Any CPU.Build.0 = Release|Any CPU
		{539337D6-5D45-40FB-B263-5711B90BB5B4}.Debug|Any CPU.ActiveCfg = Debug|Any CPU
		{539337D6-5D45-40FB-B263-5711B90BB5B4}.Debug|Any CPU.Build.0 = Debug|Any CPU
		{539337D6-5D45-40FB-B263-5711B90BB5B4}.Release|Any CPU.ActiveCfg = Release|Any CPU
		{539337D6-5D45-40FB-B263-5711B90BB5B4}.Release|Any CPU.Build.0 = Release|Any CPU
		{29409569-10A7-4D3A-B66F-D9F5D4A2FCBE}.Debug|Any CPU.ActiveCfg = Debug|Any CPU
		{29409569-10A7-4D3A-B66F-D9F5D4A2FCBE}.Debug|Any CPU.Build.0 = Debug|Any CPU
		{29409569-10A7-4D3A-B66F-D9F5D4A2FCBE}.Release|Any CPU.ActiveCfg = Release|Any CPU
		{29409569-10A7-4D3A-B66F-D9F5D4A2FCBE}.Release|Any CPU.Build.0 = Release|Any CPU
		{5B96244D-9B8F-4BE2-8227-1D1B746F5E77}.Debug|Any CPU.ActiveCfg = Debug|Any CPU
		{5B96244D-9B8F-4BE2-8227-1D1B746F5E77}.Debug|Any CPU.Build.0 = Debug|Any CPU
		{5B96244D-9B8F-4BE2-8227-1D1B746F5E77}.Release|Any CPU.ActiveCfg = Release|Any CPU
		{5B96244D-9B8F-4BE2-8227-1D1B746F5E77}.Release|Any CPU.Build.0 = Release|Any CPU
		{08E6FA97-8AA8-4C1A-8E1D-4B65C6445C12}.Debug|Any CPU.ActiveCfg = Debug|Any CPU
		{08E6FA97-8AA8-4C1A-8E1D-4B65C6445C12}.Debug|Any CPU.Build.0 = Debug|Any CPU
		{08E6FA97-8AA8-4C1A-8E1D-4B65C6445C12}.Release|Any CPU.ActiveCfg = Release|Any CPU
		{08E6FA97-8AA8-4C1A-8E1D-4B65C6445C12}.Release|Any CPU.Build.0 = Release|Any CPU
		{9579315A-B69B-4332-9687-7ECACA8DC681}.Debug|Any CPU.ActiveCfg = Debug|Any CPU
		{9579315A-B69B-4332-9687-7ECACA8DC681}.Debug|Any CPU.Build.0 = Debug|Any CPU
		{9579315A-B69B-4332-9687-7ECACA8DC681}.Release|Any CPU.ActiveCfg = Release|Any CPU
		{9579315A-B69B-4332-9687-7ECACA8DC681}.Release|Any CPU.Build.0 = Release|Any CPU
		{E7BF40D6-DC62-4E35-B1B2-99209B7EAAAB}.Debug|Any CPU.ActiveCfg = Debug|Any CPU
		{E7BF40D6-DC62-4E35-B1B2-99209B7EAAAB}.Debug|Any CPU.Build.0 = Debug|Any CPU
		{E7BF40D6-DC62-4E35-B1B2-99209B7EAAAB}.Release|Any CPU.ActiveCfg = Release|Any CPU
		{E7BF40D6-DC62-4E35-B1B2-99209B7EAAAB}.Release|Any CPU.Build.0 = Release|Any CPU
		{CF6F302B-FA59-45C8-A139-B51CECBD0C6F}.Debug|Any CPU.ActiveCfg = Debug|Any CPU
		{CF6F302B-FA59-45C8-A139-B51CECBD0C6F}.Debug|Any CPU.Build.0 = Debug|Any CPU
		{CF6F302B-FA59-45C8-A139-B51CECBD0C6F}.Release|Any CPU.ActiveCfg = Release|Any CPU
		{CF6F302B-FA59-45C8-A139-B51CECBD0C6F}.Release|Any CPU.Build.0 = Release|Any CPU
		{02CF7CDB-3774-48B9-B1E3-D4D08019F180}.Debug|Any CPU.ActiveCfg = Debug|Any CPU
		{02CF7CDB-3774-48B9-B1E3-D4D08019F180}.Debug|Any CPU.Build.0 = Debug|Any CPU
		{02CF7CDB-3774-48B9-B1E3-D4D08019F180}.Release|Any CPU.ActiveCfg = Release|Any CPU
		{02CF7CDB-3774-48B9-B1E3-D4D08019F180}.Release|Any CPU.Build.0 = Release|Any CPU
		{1B4CC013-AF60-4AEC-AD16-3841A7104F4D}.Debug|Any CPU.ActiveCfg = Debug|Any CPU
		{1B4CC013-AF60-4AEC-AD16-3841A7104F4D}.Debug|Any CPU.Build.0 = Debug|Any CPU
		{1B4CC013-AF60-4AEC-AD16-3841A7104F4D}.Release|Any CPU.ActiveCfg = Release|Any CPU
		{1B4CC013-AF60-4AEC-AD16-3841A7104F4D}.Release|Any CPU.Build.0 = Release|Any CPU
	EndGlobalSection
	GlobalSection(SolutionProperties) = preSolution
		HideSolutionNode = FALSE
	EndGlobalSection
	GlobalSection(ExtensibilityGlobals) = postSolution
		SolutionGuid = {7445D9C9-FD5E-4947-8027-D7FF2633FB97}
	EndGlobalSection
EndGlobal
